
Microsoft Visual Studio Solution File, Format Version 12.00
# Visual Studio Version 17
VisualStudioVersion = 17.0.31903.59
MinimumVisualStudioVersion = 10.0.40219.1
Project("{FAE04EC0-301F-11D3-BF4B-00C04F79EFBC}") = "tarefa1", "tarefa1\tarefa1.csproj", "{A301DA7B-50D5-4719-B1F2-0C29879BA1D0}"
EndProject
Project("{FAE04EC0-301F-11D3-BF4B-00C04F79EFBC}") = "tarefa2", "tarefa2\tarefa2.csproj", "{C7FC84F5-CEAA-424D-8365-4BD8417146E9}"
EndProject
Project("{FAE04EC0-301F-11D3-BF4B-00C04F79EFBC}") = "tarefa5", "tarefa5\tarefa5.csproj", "{158D07F4-DC75-4E91-A704-6D28DE0B1AFB}"
EndProject
Project("{FAE04EC0-301F-11D3-BF4B-00C04F79EFBC}") = "tare5", "tare5\tare5.csproj", "{BAF09C95-893E-4341-857B-08E3E7E9C9D9}"
EndProject
Global
	GlobalSection(SolutionConfigurationPlatforms) = preSolution
		Debug|Any CPU = Debug|Any CPU
		Debug|x64 = Debug|x64
		Debug|x86 = Debug|x86
		Release|Any CPU = Release|Any CPU
		Release|x64 = Release|x64
		Release|x86 = Release|x86
	EndGlobalSection
	GlobalSection(ProjectConfigurationPlatforms) = postSolution
		{A301DA7B-50D5-4719-B1F2-0C29879BA1D0}.Debug|Any CPU.ActiveCfg = Debug|Any CPU
		{A301DA7B-50D5-4719-B1F2-0C29879BA1D0}.Debug|Any CPU.Build.0 = Debug|Any CPU
		{A301DA7B-50D5-4719-B1F2-0C29879BA1D0}.Debug|x64.ActiveCfg = Debug|Any CPU
		{A301DA7B-50D5-4719-B1F2-0C29879BA1D0}.Debug|x64.Build.0 = Debug|Any CPU
		{A301DA7B-50D5-4719-B1F2-0C29879BA1D0}.Debug|x86.ActiveCfg = Debug|Any CPU
		{A301DA7B-50D5-4719-B1F2-0C29879BA1D0}.Debug|x86.Build.0 = Debug|Any CPU
		{A301DA7B-50D5-4719-B1F2-0C29879BA1D0}.Release|Any CPU.ActiveCfg = Release|Any CPU
		{A301DA7B-50D5-4719-B1F2-0C29879BA1D0}.Release|Any CPU.Build.0 = Release|Any CPU
		{A301DA7B-50D5-4719-B1F2-0C29879BA1D0}.Release|x64.ActiveCfg = Release|Any CPU
		{A301DA7B-50D5-4719-B1F2-0C29879BA1D0}.Release|x64.Build.0 = Release|Any CPU
		{A301DA7B-50D5-4719-B1F2-0C29879BA1D0}.Release|x86.ActiveCfg = Release|Any CPU
		{A301DA7B-50D5-4719-B1F2-0C29879BA1D0}.Release|x86.Build.0 = Release|Any CPU
		{C7FC84F5-CEAA-424D-8365-4BD8417146E9}.Debug|Any CPU.ActiveCfg = Debug|Any CPU
		{C7FC84F5-CEAA-424D-8365-4BD8417146E9}.Debug|Any CPU.Build.0 = Debug|Any CPU
		{C7FC84F5-CEAA-424D-8365-4BD8417146E9}.Debug|x64.ActiveCfg = Debug|Any CPU
		{C7FC84F5-CEAA-424D-8365-4BD8417146E9}.Debug|x64.Build.0 = Debug|Any CPU
		{C7FC84F5-CEAA-424D-8365-4BD8417146E9}.Debug|x86.ActiveCfg = Debug|Any CPU
		{C7FC84F5-CEAA-424D-8365-4BD8417146E9}.Debug|x86.Build.0 = Debug|Any CPU
		{C7FC84F5-CEAA-424D-8365-4BD8417146E9}.Release|Any CPU.ActiveCfg = Release|Any CPU
		{C7FC84F5-CEAA-424D-8365-4BD8417146E9}.Release|Any CPU.Build.0 = Release|Any CPU
		{C7FC84F5-CEAA-424D-8365-4BD8417146E9}.Release|x64.ActiveCfg = Release|Any CPU
		{C7FC84F5-CEAA-424D-8365-4BD8417146E9}.Release|x64.Build.0 = Release|Any CPU
		{C7FC84F5-CEAA-424D-8365-4BD8417146E9}.Release|x86.ActiveCfg = Release|Any CPU
		{C7FC84F5-CEAA-424D-8365-4BD8417146E9}.Release|x86.Build.0 = Release|Any CPU
		{158D07F4-DC75-4E91-A704-6D28DE0B1AFB}.Debug|Any CPU.ActiveCfg = Debug|Any CPU
		{158D07F4-DC75-4E91-A704-6D28DE0B1AFB}.Debug|Any CPU.Build.0 = Debug|Any CPU
		{158D07F4-DC75-4E91-A704-6D28DE0B1AFB}.Debug|x64.ActiveCfg = Debug|Any CPU
		{158D07F4-DC75-4E91-A704-6D28DE0B1AFB}.Debug|x64.Build.0 = Debug|Any CPU
		{158D07F4-DC75-4E91-A704-6D28DE0B1AFB}.Debug|x86.ActiveCfg = Debug|Any CPU
		{158D07F4-DC75-4E91-A704-6D28DE0B1AFB}.Debug|x86.Build.0 = Debug|Any CPU
		{158D07F4-DC75-4E91-A704-6D28DE0B1AFB}.Release|Any CPU.ActiveCfg = Release|Any CPU
		{158D07F4-DC75-4E91-A704-6D28DE0B1AFB}.Release|Any CPU.Build.0 = Release|Any CPU
		{158D07F4-DC75-4E91-A704-6D28DE0B1AFB}.Release|x64.ActiveCfg = Release|Any CPU
		{158D07F4-DC75-4E91-A704-6D28DE0B1AFB}.Release|x64.Build.0 = Release|Any CPU
		{158D07F4-DC75-4E91-A704-6D28DE0B1AFB}.Release|x86.ActiveCfg = Release|Any CPU
		{158D07F4-DC75-4E91-A704-6D28DE0B1AFB}.Release|x86.Build.0 = Release|Any CPU
		{BAF09C95-893E-4341-857B-08E3E7E9C9D9}.Debug|Any CPU.ActiveCfg = Debug|Any CPU
		{BAF09C95-893E-4341-857B-08E3E7E9C9D9}.Debug|Any CPU.Build.0 = Debug|Any CPU
		{BAF09C95-893E-4341-857B-08E3E7E9C9D9}.Debug|x64.ActiveCfg = Debug|Any CPU
		{BAF09C95-893E-4341-857B-08E3E7E9C9D9}.Debug|x64.Build.0 = Debug|Any CPU
		{BAF09C95-893E-4341-857B-08E3E7E9C9D9}.Debug|x86.ActiveCfg = Debug|Any CPU
		{BAF09C95-893E-4341-857B-08E3E7E9C9D9}.Debug|x86.Build.0 = Debug|Any CPU
		{BAF09C95-893E-4341-857B-08E3E7E9C9D9}.Release|Any CPU.ActiveCfg = Release|Any CPU
		{BAF09C95-893E-4341-857B-08E3E7E9C9D9}.Release|Any CPU.Build.0 = Release|Any CPU
		{BAF09C95-893E-4341-857B-08E3E7E9C9D9}.Release|x64.ActiveCfg = Release|Any CPU
		{BAF09C95-893E-4341-857B-08E3E7E9C9D9}.Release|x64.Build.0 = Release|Any CPU
		{BAF09C95-893E-4341-857B-08E3E7E9C9D9}.Release|x86.ActiveCfg = Release|Any CPU
		{BAF09C95-893E-4341-857B-08E3E7E9C9D9}.Release|x86.Build.0 = Release|Any CPU
	EndGlobalSection
	GlobalSection(SolutionProperties) = preSolution
		HideSolutionNode = FALSE
	EndGlobalSection
EndGlobal
